{
  "requires": true,
  "lockfileVersion": 1,
  "dependencies": {
    "tba-api-storm": {
      "version": "1.1.0",
      "resolved": "https://registry.npmjs.org/tba-api-storm/-/tba-api-storm-1.1.0.tgz",
      "integrity": "sha512-0TiUIudl6BBH1HqaShnBve48psRywWtxualPlRm5rKi8Xu+wNY3qUS+g+8tYFPL9fw0t+krdYuy0BbS1im7Z0w=="
    }
  }
}
